// !$*UTF8*$!
{
	archiveVersion = 1;
	classes = {
	};
	objectVersion = 46;
	objects = {

/* Begin PBXBuildFile section */
		3B3032A01B999D7E003CE479 /* ServiceManagement.framework in Frameworks */ = {isa = PBXBuildFile; fileRef = 3BF2D74D1B82638C00D4220A /* ServiceManagement.framework */; };
		3B6076E01BA4AF1300AC1E17 /* AppWatchLoginItem.app in Copy Login Item */ = {isa = PBXBuildFile; fileRef = 3BF2D7831B826CAE00D4220A /* AppWatchLoginItem.app */; settings = {ATTRIBUTES = (RemoveHeadersOnCopy, ); }; };
		3BBA1D1A1B7F62BF0093637A /* AppDelegate.swift in Sources */ = {isa = PBXBuildFile; fileRef = 3BBA1D191B7F62BF0093637A /* AppDelegate.swift */; };
		3BBA1D1C1B7F62BF0093637A /* Assets.xcassets in Resources */ = {isa = PBXBuildFile; fileRef = 3BBA1D1B1B7F62BF0093637A /* Assets.xcassets */; };
		3BF1F5D31B88704E00920BEF /* MainStoryboard.storyboard in Resources */ = {isa = PBXBuildFile; fileRef = 3BF1F5D21B88704E00920BEF /* MainStoryboard.storyboard */; };
		3BF1FCE01B7FE8F90034543C /* CloudKit.framework in Frameworks */ = {isa = PBXBuildFile; fileRef = 3BF1FCDF1B7FE8F90034543C /* CloudKit.framework */; };
		3BF2D74E1B82638C00D4220A /* ServiceManagement.framework in Frameworks */ = {isa = PBXBuildFile; fileRef = 3BF2D74D1B82638C00D4220A /* ServiceManagement.framework */; };
		3BF2D78C1B83A4A500D4220A /* SystemLog.swift in Sources */ = {isa = PBXBuildFile; fileRef = 3BF2D78B1B83A4A500D4220A /* SystemLog.swift */; };
		3BF4FC011B8CF2FA00E75118 /* TimeTableViewController.swift in Sources */ = {isa = PBXBuildFile; fileRef = 3BF4FC001B8CF2FA00E75118 /* TimeTableViewController.swift */; };
		3BF7495D1B89DBA4008469E2 /* ViewController.swift in Sources */ = {isa = PBXBuildFile; fileRef = 3BF7495C1B89DBA4008469E2 /* ViewController.swift */; };
/* End PBXBuildFile section */

/* Begin PBXContainerItemProxy section */
		3BBA1D261B7F62BF0093637A /* PBXContainerItemProxy */ = {
			isa = PBXContainerItemProxy;
			containerPortal = 3BBA1D0E1B7F62BF0093637A /* Project object */;
			proxyType = 1;
			remoteGlobalIDString = 3BBA1D151B7F62BF0093637A;
			remoteInfo = MailWatch;
		};
		3BF2D7821B826CAE00D4220A /* PBXContainerItemProxy */ = {
			isa = PBXContainerItemProxy;
			containerPortal = 3BF2D77D1B826CAD00D4220A /* AppWatchLoginItem.xcodeproj */;
			proxyType = 2;
			remoteGlobalIDString = 3BF2D75C1B826CAD00D4220A;
			remoteInfo = AppWatchLoginItem;
		};
		3BF2D7841B826CAE00D4220A /* PBXContainerItemProxy */ = {
			isa = PBXContainerItemProxy;
			containerPortal = 3BF2D77D1B826CAD00D4220A /* AppWatchLoginItem.xcodeproj */;
			proxyType = 2;
			remoteGlobalIDString = 3BF2D76E1B826CAD00D4220A;
			remoteInfo = AppWatchLoginItemTests;
		};
/* End PBXContainerItemProxy section */

/* Begin PBXCopyFilesBuildPhase section */
		3BF2D7861B826D1800D4220A /* Copy Login Item */ = {
			isa = PBXCopyFilesBuildPhase;
			buildActionMask = 2147483647;
			dstPath = Contents/Library/LoginItems;
			dstSubfolderSpec = 1;
			files = (
				3B6076E01BA4AF1300AC1E17 /* AppWatchLoginItem.app in Copy Login Item */,
			);
			name = "Copy Login Item";
			runOnlyForDeploymentPostprocessing = 0;
		};
/* End PBXCopyFilesBuildPhase section */

/* Begin PBXFileReference section */
		3BBA1D161B7F62BF0093637A /* AppWatch.app */ = {isa = PBXFileReference; explicitFileType = wrapper.application; includeInIndex = 0; path = AppWatch.app; sourceTree = BUILT_PRODUCTS_DIR; };
		3BBA1D191B7F62BF0093637A /* AppDelegate.swift */ = {isa = PBXFileReference; lastKnownFileType = sourcecode.swift; path = AppDelegate.swift; sourceTree = "<group>"; };
		3BBA1D1B1B7F62BF0093637A /* Assets.xcassets */ = {isa = PBXFileReference; lastKnownFileType = folder.assetcatalog; path = Assets.xcassets; sourceTree = "<group>"; };
		3BBA1D201B7F62BF0093637A /* Info.plist */ = {isa = PBXFileReference; lastKnownFileType = text.plist.xml; path = Info.plist; sourceTree = "<group>"; };
		3BBA1D251B7F62BF0093637A /* AppWatchTests.xctest */ = {isa = PBXFileReference; explicitFileType = wrapper.cfbundle; includeInIndex = 0; path = AppWatchTests.xctest; sourceTree = BUILT_PRODUCTS_DIR; };
		3BBA1D2B1B7F62BF0093637A /* Info.plist */ = {isa = PBXFileReference; lastKnownFileType = text.plist.xml; path = Info.plist; sourceTree = "<group>"; };
		3BF1F5D21B88704E00920BEF /* MainStoryboard.storyboard */ = {isa = PBXFileReference; fileEncoding = 4; lastKnownFileType = file.storyboard; path = MainStoryboard.storyboard; sourceTree = "<group>"; };
		3BF1FCDF1B7FE8F90034543C /* CloudKit.framework */ = {isa = PBXFileReference; lastKnownFileType = wrapper.framework; name = CloudKit.framework; path = System/Library/Frameworks/CloudKit.framework; sourceTree = SDKROOT; };
		3BF1FCE11B7FE9800034543C /* MailWatch.entitlements */ = {isa = PBXFileReference; lastKnownFileType = text.xml; path = MailWatch.entitlements; sourceTree = "<group>"; };
		3BF2D74D1B82638C00D4220A /* ServiceManagement.framework */ = {isa = PBXFileReference; lastKnownFileType = wrapper.framework; name = ServiceManagement.framework; path = System/Library/Frameworks/ServiceManagement.framework; sourceTree = SDKROOT; };
		3BF2D74F1B8264CB00D4220A /* AppWatch-Bridging-Header.h */ = {isa = PBXFileReference; lastKnownFileType = sourcecode.c.h; path = "AppWatch-Bridging-Header.h"; sourceTree = "<group>"; };
		3BF2D77D1B826CAD00D4220A /* AppWatchLoginItem.xcodeproj */ = {isa = PBXFileReference; lastKnownFileType = "wrapper.pb-project"; name = AppWatchLoginItem.xcodeproj; path = AppWatchLoginItem/AppWatchLoginItem.xcodeproj; sourceTree = "<group>"; };
		3BF2D78B1B83A4A500D4220A /* SystemLog.swift */ = {isa = PBXFileReference; fileEncoding = 4; lastKnownFileType = sourcecode.swift; name = SystemLog.swift; path = SystemLog/SystemLog.swift; sourceTree = "<group>"; };
		3BF4FC001B8CF2FA00E75118 /* TimeTableViewController.swift */ = {isa = PBXFileReference; fileEncoding = 4; lastKnownFileType = sourcecode.swift; path = TimeTableViewController.swift; sourceTree = "<group>"; };
		3BF7495C1B89DBA4008469E2 /* ViewController.swift */ = {isa = PBXFileReference; fileEncoding = 4; lastKnownFileType = sourcecode.swift; path = ViewController.swift; sourceTree = "<group>"; };
/* End PBXFileReference section */

/* Begin PBXFrameworksBuildPhase section */
		3BBA1D131B7F62BF0093637A /* Frameworks */ = {
			isa = PBXFrameworksBuildPhase;
			buildActionMask = 2147483647;
			files = (
				3BF1FCE01B7FE8F90034543C /* CloudKit.framework in Frameworks */,
				3BF2D74E1B82638C00D4220A /* ServiceManagement.framework in Frameworks */,
			);
			runOnlyForDeploymentPostprocessing = 0;
		};
		3BBA1D221B7F62BF0093637A /* Frameworks */ = {
			isa = PBXFrameworksBuildPhase;
			buildActionMask = 2147483647;
			files = (
				3B3032A01B999D7E003CE479 /* ServiceManagement.framework in Frameworks */,
			);
			runOnlyForDeploymentPostprocessing = 0;
		};
/* End PBXFrameworksBuildPhase section */

/* Begin PBXGroup section */
		3BBA1D0D1B7F62BF0093637A = {
			isa = PBXGroup;
			children = (
				3BF2D77D1B826CAD00D4220A /* AppWatchLoginItem.xcodeproj */,
				3BF2D74D1B82638C00D4220A /* ServiceManagement.framework */,
				3BF1FCDF1B7FE8F90034543C /* CloudKit.framework */,
				3BBA1D181B7F62BF0093637A /* MailWatch */,
				3BBA1D281B7F62BF0093637A /* MailWatchTests */,
				3BBA1D171B7F62BF0093637A /* Products */,
			);
			sourceTree = "<group>";
		};
		3BBA1D171B7F62BF0093637A /* Products */ = {
			isa = PBXGroup;
			children = (
				3BBA1D161B7F62BF0093637A /* AppWatch.app */,
				3BBA1D251B7F62BF0093637A /* AppWatchTests.xctest */,
			);
			name = Products;
			sourceTree = "<group>";
		};
		3BBA1D181B7F62BF0093637A /* MailWatch */ = {
			isa = PBXGroup;
			children = (
				3BF1FCE11B7FE9800034543C /* MailWatch.entitlements */,
				3BBA1D191B7F62BF0093637A /* AppDelegate.swift */,
				3BF7495C1B89DBA4008469E2 /* ViewController.swift */,
				3BF4FBFD1B8CF2D500E75118 /* View Controllers */,
				3BF2D78A1B83A49200D4220A /* System Log */,
				3BBA1D1B1B7F62BF0093637A /* Assets.xcassets */,
				3BF1F5D21B88704E00920BEF /* MainStoryboard.storyboard */,
				3BBA1D201B7F62BF0093637A /* Info.plist */,
				3BF2D74F1B8264CB00D4220A /* AppWatch-Bridging-Header.h */,
			);
			path = MailWatch;
			sourceTree = "<group>";
		};
		3BBA1D281B7F62BF0093637A /* MailWatchTests */ = {
			isa = PBXGroup;
			children = (
				3BBA1D2B1B7F62BF0093637A /* Info.plist */,
			);
			path = MailWatchTests;
			sourceTree = "<group>";
		};
		3BF2D77E1B826CAD00D4220A /* Products */ = {
			isa = PBXGroup;
			children = (
				3BF2D7831B826CAE00D4220A /* AppWatchLoginItem.app */,
				3BF2D7851B826CAE00D4220A /* AppWatchLoginItemTests.xctest */,
			);
			name = Products;
			sourceTree = "<group>";
		};
		3BF2D78A1B83A49200D4220A /* System Log */ = {
			isa = PBXGroup;
			children = (
				3BF2D78B1B83A4A500D4220A /* SystemLog.swift */,
			);
			name = "System Log";
			sourceTree = "<group>";
		};
		3BF4FBFD1B8CF2D500E75118 /* View Controllers */ = {
			isa = PBXGroup;
			children = (
				3BF4FC001B8CF2FA00E75118 /* TimeTableViewController.swift */,
			);
			name = "View Controllers";
			sourceTree = "<group>";
		};
/* End PBXGroup section */

/* Begin PBXNativeTarget section */
		3BBA1D151B7F62BF0093637A /* AppWatch */ = {
			isa = PBXNativeTarget;
			buildConfigurationList = 3BBA1D2E1B7F62BF0093637A /* Build configuration list for PBXNativeTarget "AppWatch" */;
			buildPhases = (
				3BBA1D121B7F62BF0093637A /* Sources */,
				3BBA1D131B7F62BF0093637A /* Frameworks */,
				3BBA1D141B7F62BF0093637A /* Resources */,
				3BF2D7861B826D1800D4220A /* Copy Login Item */,
			);
			buildRules = (
			);
			dependencies = (
			);
			name = AppWatch;
			productName = MailWatch;
			productReference = 3BBA1D161B7F62BF0093637A /* AppWatch.app */;
			productType = "com.apple.product-type.application";
		};
		3BBA1D241B7F62BF0093637A /* AppWatchTests */ = {
			isa = PBXNativeTarget;
			buildConfigurationList = 3BBA1D311B7F62BF0093637A /* Build configuration list for PBXNativeTarget "AppWatchTests" */;
			buildPhases = (
				3BBA1D211B7F62BF0093637A /* Sources */,
				3BBA1D221B7F62BF0093637A /* Frameworks */,
				3BBA1D231B7F62BF0093637A /* Resources */,
			);
			buildRules = (
			);
			dependencies = (
				3BBA1D271B7F62BF0093637A /* PBXTargetDependency */,
			);
			name = AppWatchTests;
			productName = MailWatchTests;
			productReference = 3BBA1D251B7F62BF0093637A /* AppWatchTests.xctest */;
			productType = "com.apple.product-type.bundle.unit-test";
		};
/* End PBXNativeTarget section */

/* Begin PBXProject section */
		3BBA1D0E1B7F62BF0093637A /* Project object */ = {
			isa = PBXProject;
			attributes = {
				LastSwiftUpdateCheck = 0700;
				LastUpgradeCheck = 0700;
				ORGANIZATIONNAME = "Martin Kim Dung-Pham";
				TargetAttributes = {
					3BBA1D151B7F62BF0093637A = {
						CreatedOnToolsVersion = 7.0;
						DevelopmentTeam = X29V4JPQ55;
						SystemCapabilities = {
							com.apple.Sandbox = {
								enabled = 1;
							};
						};
					};
					3BBA1D241B7F62BF0093637A = {
						CreatedOnToolsVersion = 7.0;
						TestTargetID = 3BBA1D151B7F62BF0093637A;
					};
				};
			};
			buildConfigurationList = 3BBA1D111B7F62BF0093637A /* Build configuration list for PBXProject "AppWatch" */;
			compatibilityVersion = "Xcode 3.2";
			developmentRegion = English;
			hasScannedForEncodings = 0;
			knownRegions = (
				en,
				Base,
			);
			mainGroup = 3BBA1D0D1B7F62BF0093637A;
			productRefGroup = 3BBA1D171B7F62BF0093637A /* Products */;
			projectDirPath = "";
			projectReferences = (
				{
					ProductGroup = 3BF2D77E1B826CAD00D4220A /* Products */;
					ProjectRef = 3BF2D77D1B826CAD00D4220A /* AppWatchLoginItem.xcodeproj */;
				},
			);
			projectRoot = "";
			targets = (
				3BBA1D151B7F62BF0093637A /* AppWatch */,
				3BBA1D241B7F62BF0093637A /* AppWatchTests */,
			);
		};
/* End PBXProject section */

/* Begin PBXReferenceProxy section */
		3BF2D7831B826CAE00D4220A /* AppWatchLoginItem.app */ = {
			isa = PBXReferenceProxy;
			fileType = wrapper.application;
			path = AppWatchLoginItem.app;
			remoteRef = 3BF2D7821B826CAE00D4220A /* PBXContainerItemProxy */;
			sourceTree = BUILT_PRODUCTS_DIR;
		};
		3BF2D7851B826CAE00D4220A /* AppWatchLoginItemTests.xctest */ = {
			isa = PBXReferenceProxy;
			fileType = wrapper.cfbundle;
			path = AppWatchLoginItemTests.xctest;
			remoteRef = 3BF2D7841B826CAE00D4220A /* PBXContainerItemProxy */;
			sourceTree = BUILT_PRODUCTS_DIR;
		};
/* End PBXReferenceProxy section */

/* Begin PBXResourcesBuildPhase section */
		3BBA1D141B7F62BF0093637A /* Resources */ = {
			isa = PBXResourcesBuildPhase;
			buildActionMask = 2147483647;
			files = (
				3BF1F5D31B88704E00920BEF /* MainStoryboard.storyboard in Resources */,
				3BBA1D1C1B7F62BF0093637A /* Assets.xcassets in Resources */,
			);
			runOnlyForDeploymentPostprocessing = 0;
		};
		3BBA1D231B7F62BF0093637A /* Resources */ = {
			isa = PBXResourcesBuildPhase;
			buildActionMask = 2147483647;
			files = (
			);
			runOnlyForDeploymentPostprocessing = 0;
		};
/* End PBXResourcesBuildPhase section */

/* Begin PBXSourcesBuildPhase section */
		3BBA1D121B7F62BF0093637A /* Sources */ = {
			isa = PBXSourcesBuildPhase;
			buildActionMask = 2147483647;
			files = (
				3BBA1D1A1B7F62BF0093637A /* AppDelegate.swift in Sources */,
				3BF4FC011B8CF2FA00E75118 /* TimeTableViewController.swift in Sources */,
				3BF7495D1B89DBA4008469E2 /* ViewController.swift in Sources */,
				3BF2D78C1B83A4A500D4220A /* SystemLog.swift in Sources */,
			);
			runOnlyForDeploymentPostprocessing = 0;
		};
		3BBA1D211B7F62BF0093637A /* Sources */ = {
			isa = PBXSourcesBuildPhase;
			buildActionMask = 2147483647;
			files = (
			);
			runOnlyForDeploymentPostprocessing = 0;
		};
/* End PBXSourcesBuildPhase section */

/* Begin PBXTargetDependency section */
		3BBA1D271B7F62BF0093637A /* PBXTargetDependency */ = {
			isa = PBXTargetDependency;
			target = 3BBA1D151B7F62BF0093637A /* AppWatch */;
			targetProxy = 3BBA1D261B7F62BF0093637A /* PBXContainerItemProxy */;
		};
/* End PBXTargetDependency section */

/* Begin XCBuildConfiguration section */
		3BBA1D2C1B7F62BF0093637A /* Debug */ = {
			isa = XCBuildConfiguration;
			buildSettings = {
				ALWAYS_SEARCH_USER_PATHS = NO;
				CLANG_CXX_LANGUAGE_STANDARD = "gnu++0x";
				CLANG_CXX_LIBRARY = "libc++";
				CLANG_ENABLE_MODULES = YES;
				CLANG_ENABLE_OBJC_ARC = YES;
				CLANG_WARN_BOOL_CONVERSION = YES;
				CLANG_WARN_CONSTANT_CONVERSION = YES;
				CLANG_WARN_DIRECT_OBJC_ISA_USAGE = YES_ERROR;
				CLANG_WARN_EMPTY_BODY = YES;
				CLANG_WARN_ENUM_CONVERSION = YES;
				CLANG_WARN_INT_CONVERSION = YES;
				CLANG_WARN_OBJC_ROOT_CLASS = YES_ERROR;
				CLANG_WARN_UNREACHABLE_CODE = YES;
				CLANG_WARN__DUPLICATE_METHOD_MATCH = YES;
				CODE_SIGN_IDENTITY = "-";
				COPY_PHASE_STRIP = NO;
				DEBUG_INFORMATION_FORMAT = dwarf;
				ENABLE_STRICT_OBJC_MSGSEND = YES;
				ENABLE_TESTABILITY = YES;
				GCC_C_LANGUAGE_STANDARD = gnu99;
				GCC_DYNAMIC_NO_PIC = NO;
				GCC_NO_COMMON_BLOCKS = YES;
				GCC_OPTIMIZATION_LEVEL = 0;
				GCC_PREPROCESSOR_DEFINITIONS = (
					"DEBUG=1",
					"$(inherited)",
				);
				GCC_WARN_64_TO_32_BIT_CONVERSION = YES;
				GCC_WARN_ABOUT_RETURN_TYPE = YES_ERROR;
				GCC_WARN_UNDECLARED_SELECTOR = YES;
				GCC_WARN_UNINITIALIZED_AUTOS = YES_AGGRESSIVE;
				GCC_WARN_UNUSED_FUNCTION = YES;
				GCC_WARN_UNUSED_VARIABLE = YES;
				MACOSX_DEPLOYMENT_TARGET = 10.10;
				MTL_ENABLE_DEBUG_INFO = YES;
				ONLY_ACTIVE_ARCH = YES;
				SDKROOT = macosx;
				SWIFT_OPTIMIZATION_LEVEL = "-Onone";
			};
			name = Debug;
		};
		3BBA1D2D1B7F62BF0093637A /* Release */ = {
			isa = XCBuildConfiguration;
			buildSettings = {
				ALWAYS_SEARCH_USER_PATHS = NO;
				CLANG_CXX_LANGUAGE_STANDARD = "gnu++0x";
				CLANG_CXX_LIBRARY = "libc++";
				CLANG_ENABLE_MODULES = YES;
				CLANG_ENABLE_OBJC_ARC = YES;
				CLANG_WARN_BOOL_CONVERSION = YES;
				CLANG_WARN_CONSTANT_CONVERSION = YES;
				CLANG_WARN_DIRECT_OBJC_ISA_USAGE = YES_ERROR;
				CLANG_WARN_EMPTY_BODY = YES;
				CLANG_WARN_ENUM_CONVERSION = YES;
				CLANG_WARN_INT_CONVERSION = YES;
				CLANG_WARN_OBJC_ROOT_CLASS = YES_ERROR;
				CLANG_WARN_UNREACHABLE_CODE = YES;
				CLANG_WARN__DUPLICATE_METHOD_MATCH = YES;
				CODE_SIGN_IDENTITY = "-";
				COPY_PHASE_STRIP = NO;
				DEBUG_INFORMATION_FORMAT = "dwarf-with-dsym";
				ENABLE_NS_ASSERTIONS = NO;
				ENABLE_STRICT_OBJC_MSGSEND = YES;
				GCC_C_LANGUAGE_STANDARD = gnu99;
				GCC_NO_COMMON_BLOCKS = YES;
				GCC_WARN_64_TO_32_BIT_CONVERSION = YES;
				GCC_WARN_ABOUT_RETURN_TYPE = YES_ERROR;
				GCC_WARN_UNDECLARED_SELECTOR = YES;
				GCC_WARN_UNINITIALIZED_AUTOS = YES_AGGRESSIVE;
				GCC_WARN_UNUSED_FUNCTION = YES;
				GCC_WARN_UNUSED_VARIABLE = YES;
				MACOSX_DEPLOYMENT_TARGET = 10.10;
				MTL_ENABLE_DEBUG_INFO = NO;
				SDKROOT = macosx;
			};
			name = Release;
		};
		3BBA1D2F1B7F62BF0093637A /* Debug */ = {
			isa = XCBuildConfiguration;
			buildSettings = {
				ASSETCATALOG_COMPILER_APPICON_NAME = AppIcon;
				CLANG_ENABLE_MODULES = YES;
				CODE_SIGN_ENTITLEMENTS = MailWatch/MailWatch.entitlements;
				CODE_SIGN_IDENTITY = "Mac Developer";
				"CODE_SIGN_IDENTITY[sdk=macosx*]" = "Mac Developer";
				COMBINE_HIDPI_IMAGES = YES;
				INFOPLIST_FILE = MailWatch/Info.plist;
				LD_RUNPATH_SEARCH_PATHS = "$(inherited) @executable_path/../Frameworks";
				PRODUCT_BUNDLE_IDENTIFIER = com.elbedev.AppWatch;
				PRODUCT_NAME = AppWatch;
				PROVISIONING_PROFILE = "";
				SWIFT_OBJC_BRIDGING_HEADER = "MailWatch/AppWatch-Bridging-Header.h";
				SWIFT_OPTIMIZATION_LEVEL = "-Onone";
			};
			name = Debug;
		};
		3BBA1D301B7F62BF0093637A /* Release */ = {
			isa = XCBuildConfiguration;
			buildSettings = {
				ASSETCATALOG_COMPILER_APPICON_NAME = AppIcon;
				CLANG_ENABLE_MODULES = YES;
				CODE_SIGN_ENTITLEMENTS = MailWatch/MailWatch.entitlements;
				CODE_SIGN_IDENTITY = "Mac Developer";
				"CODE_SIGN_IDENTITY[sdk=macosx*]" = "Mac Developer";
				COMBINE_HIDPI_IMAGES = YES;
				INFOPLIST_FILE = MailWatch/Info.plist;
				LD_RUNPATH_SEARCH_PATHS = "$(inherited) @executable_path/../Frameworks";
				PRODUCT_BUNDLE_IDENTIFIER = com.elbedev.AppWatch;
				PRODUCT_NAME = AppWatch;
				PROVISIONING_PROFILE = "";
				SWIFT_OBJC_BRIDGING_HEADER = "MailWatch/AppWatch-Bridging-Header.h";
			};
			name = Release;
		};
		3BBA1D321B7F62BF0093637A /* Debug */ = {
			isa = XCBuildConfiguration;
			buildSettings = {
				BUNDLE_LOADER = "$(TEST_HOST)";
				COMBINE_HIDPI_IMAGES = YES;
				INFOPLIST_FILE = MailWatchTests/Info.plist;
				LD_RUNPATH_SEARCH_PATHS = "$(inherited) @executable_path/../Frameworks @loader_path/../Frameworks";
				PRODUCT_BUNDLE_IDENTIFIER = com.elbedev.MailWatchTests;
				PRODUCT_NAME = AppWatchTests;
				TEST_HOST = "$(BUILT_PRODUCTS_DIR)/MailWatch.app/Contents/MacOS/MailWatch";
			};
			name = Debug;
		};
		3BBA1D331B7F62BF0093637A /* Release */ = {
			isa = XCBuildConfiguration;
			buildSettings = {
				BUNDLE_LOADER = "$(TEST_HOST)";
				COMBINE_HIDPI_IMAGES = YES;
				INFOPLIST_FILE = MailWatchTests/Info.plist;
				LD_RUNPATH_SEARCH_PATHS = "$(inherited) @executable_path/../Frameworks @loader_path/../Frameworks";
				PRODUCT_BUNDLE_IDENTIFIER = com.elbedev.MailWatchTests;
				PRODUCT_NAME = AppWatchTests;
				TEST_HOST = "$(BUILT_PRODUCTS_DIR)/MailWatch.app/Contents/MacOS/MailWatch";
			};
			name = Release;
		};
/* End XCBuildConfiguration section */

/* Begin XCConfigurationList section */
		3BBA1D111B7F62BF0093637A /* Build configuration list for PBXProject "AppWatch" */ = {
			isa = XCConfigurationList;
			buildConfigurations = (
				3BBA1D2C1B7F62BF0093637A /* Debug */,
				3BBA1D2D1B7F62BF0093637A /* Release */,
			);
			defaultConfigurationIsVisible = 0;
			defaultConfigurationName = Release;
		};
		3BBA1D2E1B7F62BF0093637A /* Build configuration list for PBXNativeTarget "AppWatch" */ = {
			isa = XCConfigurationList;
			buildConfigurations = (
				3BBA1D2F1B7F62BF0093637A /* Debug */,
				3BBA1D301B7F62BF0093637A /* Release */,
			);
			defaultConfigurationIsVisible = 0;
			defaultConfigurationName = Release;
		};
		3BBA1D311B7F62BF0093637A /* Build configuration list for PBXNativeTarget "AppWatchTests" */ = {
			isa = XCConfigurationList;
			buildConfigurations = (
				3BBA1D321B7F62BF0093637A /* Debug */,
				3BBA1D331B7F62BF0093637A /* Release */,
			);
			defaultConfigurationIsVisible = 0;
			defaultConfigurationName = Release;
		};
/* End XCConfigurationList section */
	};
	rootObject = 3BBA1D0E1B7F62BF0093637A /* Project object */;
}
