// !$*UTF8*$!
{
	archiveVersion = 1;
	classes = {
	};
	objectVersion = 46;
	objects = {

/* Begin PBXBuildFile section */
		3B1B6D5E1BAB47D300A7B1DF /* AppDelegate.swift in Sources */ = {isa = PBXBuildFile; fileRef = 3B1B6D5D1BAB47D300A7B1DF /* AppDelegate.swift */; settings = {ASSET_TAGS = (); }; };
		3B5A0C291BAB400500E463CC /* AppWatchUITests.swift in Sources */ = {isa = PBXBuildFile; fileRef = 3B5A0C281BAB400500E463CC /* AppWatchUITests.swift */; };
		3B5A0C381BAB405300E463CC /* AppWatchTests.swift in Sources */ = {isa = PBXBuildFile; fileRef = 3B5A0C371BAB405300E463CC /* AppWatchTests.swift */; };
		3BBFC1A61BAB465000E832E2 /* StatisticsViewController.swift in Sources */ = {isa = PBXBuildFile; fileRef = 3BBFC1A31BAB465000E832E2 /* StatisticsViewController.swift */; settings = {ASSET_TAGS = (); }; };
		3BBFC1A71BAB465000E832E2 /* TimeTableViewController.swift in Sources */ = {isa = PBXBuildFile; fileRef = 3BBFC1A41BAB465000E832E2 /* TimeTableViewController.swift */; settings = {ASSET_TAGS = (); }; };
		3BBFC1A81BAB465000E832E2 /* ViewController.swift in Sources */ = {isa = PBXBuildFile; fileRef = 3BBFC1A51BAB465000E832E2 /* ViewController.swift */; settings = {ASSET_TAGS = (); }; };
		3BBFC1AA1BAB465B00E832E2 /* Assets.xcassets in Resources */ = {isa = PBXBuildFile; fileRef = 3BBFC1A91BAB465B00E832E2 /* Assets.xcassets */; settings = {ASSET_TAGS = (); }; };
		3BBFC1AC1BAB466400E832E2 /* SystemLog.swift in Sources */ = {isa = PBXBuildFile; fileRef = 3BBFC1AB1BAB466400E832E2 /* SystemLog.swift */; settings = {ASSET_TAGS = (); }; };
		3BBFC1B01BAB467900E832E2 /* Info.plist in Resources */ = {isa = PBXBuildFile; fileRef = 3BBFC1AE1BAB467900E832E2 /* Info.plist */; settings = {ASSET_TAGS = (); }; };
		3BBFC1B11BAB467900E832E2 /* MainStoryboard.storyboard in Resources */ = {isa = PBXBuildFile; fileRef = 3BBFC1AF1BAB467900E832E2 /* MainStoryboard.storyboard */; settings = {ASSET_TAGS = (); }; };
		3BC938D21BA89525006EB664 /* AppWatchLogic.framework in Copy Frameworks */ = {isa = PBXBuildFile; fileRef = 3BF8E3EE1BA5E1830070CAB0 /* AppWatchLogic.framework */; settings = {ATTRIBUTES = (CodeSignOnCopy, RemoveHeadersOnCopy, ); }; };
		3BF2D74E1B82638C00D4220A /* ServiceManagement.framework in Frameworks */ = {isa = PBXBuildFile; fileRef = 3BF2D74D1B82638C00D4220A /* ServiceManagement.framework */; };
		3BF8E3C51BA5DC080070CAB0 /* AppWatchLoginItem.app in Copy Login Item */ = {isa = PBXBuildFile; fileRef = 3BF8E3C21BA5DBF60070CAB0 /* AppWatchLoginItem.app */; settings = {ATTRIBUTES = (RemoveHeadersOnCopy, ); }; };
/* End PBXBuildFile section */

/* Begin PBXContainerItemProxy section */
		3B5A0C2B1BAB400500E463CC /* PBXContainerItemProxy */ = {
			isa = PBXContainerItemProxy;
			containerPortal = 3BBA1D0E1B7F62BF0093637A /* Project object */;
			proxyType = 1;
			remoteGlobalIDString = 3BBA1D151B7F62BF0093637A;
			remoteInfo = AppWatch;
		};
		3B5A0C3A1BAB405300E463CC /* PBXContainerItemProxy */ = {
			isa = PBXContainerItemProxy;
			containerPortal = 3BBA1D0E1B7F62BF0093637A /* Project object */;
			proxyType = 1;
			remoteGlobalIDString = 3BBA1D151B7F62BF0093637A;
			remoteInfo = AppWatch;
		};
		3BF4795A1BA890A10030A377 /* PBXContainerItemProxy */ = {
			isa = PBXContainerItemProxy;
			containerPortal = 3BF8E3BC1BA5DBF60070CAB0 /* AppWatchLoginItem.xcodeproj */;
			proxyType = 1;
			remoteGlobalIDString = 3BF2D75B1B826CAD00D4220A;
			remoteInfo = AppWatchLoginItem;
		};
		3BF8E3C11BA5DBF60070CAB0 /* PBXContainerItemProxy */ = {
			isa = PBXContainerItemProxy;
			containerPortal = 3BF8E3BC1BA5DBF60070CAB0 /* AppWatchLoginItem.xcodeproj */;
			proxyType = 2;
			remoteGlobalIDString = 3BF2D75C1B826CAD00D4220A;
			remoteInfo = AppWatchLoginItem;
		};
		3BF8E3C31BA5DBF60070CAB0 /* PBXContainerItemProxy */ = {
			isa = PBXContainerItemProxy;
			containerPortal = 3BF8E3BC1BA5DBF60070CAB0 /* AppWatchLoginItem.xcodeproj */;
			proxyType = 2;
			remoteGlobalIDString = 3BF2D76E1B826CAD00D4220A;
			remoteInfo = AppWatchLoginItemTests;
		};
/* End PBXContainerItemProxy section */

/* Begin PBXCopyFilesBuildPhase section */
		3BC938D01BA8951B006EB664 /* Copy Frameworks */ = {
			isa = PBXCopyFilesBuildPhase;
			buildActionMask = 2147483647;
			dstPath = "";
			dstSubfolderSpec = 10;
			files = (
				3BC938D21BA89525006EB664 /* AppWatchLogic.framework in Copy Frameworks */,
			);
			name = "Copy Frameworks";
			runOnlyForDeploymentPostprocessing = 0;
		};
		3BF2D7861B826D1800D4220A /* Copy Login Item */ = {
			isa = PBXCopyFilesBuildPhase;
			buildActionMask = 2147483647;
			dstPath = Contents/Library/LoginItems;
			dstSubfolderSpec = 1;
			files = (
				3BF8E3C51BA5DC080070CAB0 /* AppWatchLoginItem.app in Copy Login Item */,
			);
			name = "Copy Login Item";
			runOnlyForDeploymentPostprocessing = 0;
		};
/* End PBXCopyFilesBuildPhase section */

/* Begin PBXFileReference section */
		3B1B6D5D1BAB47D300A7B1DF /* AppDelegate.swift */ = {isa = PBXFileReference; fileEncoding = 4; lastKnownFileType = sourcecode.swift; name = AppDelegate.swift; path = AppWatch/AppDelegate.swift; sourceTree = SOURCE_ROOT; };
		3B1B6D5F1BAB494E00A7B1DF /* AppWatch-Bridging-Header.h */ = {isa = PBXFileReference; lastKnownFileType = sourcecode.c.h; name = "AppWatch-Bridging-Header.h"; path = "AppWatch/AppWatch-Bridging-Header.h"; sourceTree = SOURCE_ROOT; };
		3B5A0C121BAB3DD400E463CC /* MainUserInterfaceTest.swift */ = {isa = PBXFileReference; fileEncoding = 4; lastKnownFileType = sourcecode.swift; name = MainUserInterfaceTest.swift; path = AppWatchTests/MainUserInterfaceTest.swift; sourceTree = SOURCE_ROOT; };
		3B5A0C261BAB400500E463CC /* AppWatchUITests.xctest */ = {isa = PBXFileReference; explicitFileType = wrapper.cfbundle; includeInIndex = 0; path = AppWatchUITests.xctest; sourceTree = BUILT_PRODUCTS_DIR; };
		3B5A0C281BAB400500E463CC /* AppWatchUITests.swift */ = {isa = PBXFileReference; lastKnownFileType = sourcecode.swift; path = AppWatchUITests.swift; sourceTree = "<group>"; };
		3B5A0C2A1BAB400500E463CC /* Info.plist */ = {isa = PBXFileReference; lastKnownFileType = text.plist.xml; path = Info.plist; sourceTree = "<group>"; };
		3B5A0C351BAB405300E463CC /* AppWatchTests.xctest */ = {isa = PBXFileReference; explicitFileType = wrapper.cfbundle; includeInIndex = 0; path = AppWatchTests.xctest; sourceTree = BUILT_PRODUCTS_DIR; };
		3B5A0C371BAB405300E463CC /* AppWatchTests.swift */ = {isa = PBXFileReference; lastKnownFileType = sourcecode.swift; path = AppWatchTests.swift; sourceTree = "<group>"; };
		3B5A0C391BAB405300E463CC /* Info.plist */ = {isa = PBXFileReference; lastKnownFileType = text.plist.xml; path = Info.plist; sourceTree = "<group>"; };
		3BBA1D161B7F62BF0093637A /* AppWatch.app */ = {isa = PBXFileReference; explicitFileType = wrapper.application; includeInIndex = 0; path = AppWatch.app; sourceTree = BUILT_PRODUCTS_DIR; };
		3BBFC1A31BAB465000E832E2 /* StatisticsViewController.swift */ = {isa = PBXFileReference; fileEncoding = 4; lastKnownFileType = sourcecode.swift; name = StatisticsViewController.swift; path = AppWatch/ViewControllers/StatisticsViewController.swift; sourceTree = SOURCE_ROOT; };
		3BBFC1A41BAB465000E832E2 /* TimeTableViewController.swift */ = {isa = PBXFileReference; fileEncoding = 4; lastKnownFileType = sourcecode.swift; name = TimeTableViewController.swift; path = AppWatch/ViewControllers/TimeTableViewController.swift; sourceTree = SOURCE_ROOT; };
		3BBFC1A51BAB465000E832E2 /* ViewController.swift */ = {isa = PBXFileReference; fileEncoding = 4; lastKnownFileType = sourcecode.swift; name = ViewController.swift; path = AppWatch/ViewControllers/ViewController.swift; sourceTree = SOURCE_ROOT; };
		3BBFC1A91BAB465B00E832E2 /* Assets.xcassets */ = {isa = PBXFileReference; lastKnownFileType = folder.assetcatalog; name = Assets.xcassets; path = AppWatch/Assets.xcassets; sourceTree = SOURCE_ROOT; };
		3BBFC1AB1BAB466400E832E2 /* SystemLog.swift */ = {isa = PBXFileReference; fileEncoding = 4; lastKnownFileType = sourcecode.swift; name = SystemLog.swift; path = AppWatch/SystemLog/SystemLog.swift; sourceTree = SOURCE_ROOT; };
		3BBFC1AD1BAB467900E832E2 /* AppWatch-Bridging-Header.h */ = {isa = PBXFileReference; fileEncoding = 4; lastKnownFileType = sourcecode.c.h; name = "AppWatch-Bridging-Header.h"; path = "AppWatch/AppWatch-Bridging-Header.h"; sourceTree = SOURCE_ROOT; };
		3BBFC1AE1BAB467900E832E2 /* Info.plist */ = {isa = PBXFileReference; fileEncoding = 4; lastKnownFileType = text.plist.xml; name = Info.plist; path = AppWatch/Info.plist; sourceTree = SOURCE_ROOT; };
		3BBFC1AF1BAB467900E832E2 /* MainStoryboard.storyboard */ = {isa = PBXFileReference; fileEncoding = 4; lastKnownFileType = file.storyboard; name = MainStoryboard.storyboard; path = AppWatch/MainStoryboard.storyboard; sourceTree = SOURCE_ROOT; };
		3BF1FCE11B7FE9800034543C /* AppWatch.entitlements */ = {isa = PBXFileReference; lastKnownFileType = file; name = AppWatch.entitlements; path = AppWatch/AppWatch.entitlements; sourceTree = "<group>"; };
		3BF2D74D1B82638C00D4220A /* ServiceManagement.framework */ = {isa = PBXFileReference; lastKnownFileType = wrapper.framework; name = ServiceManagement.framework; path = System/Library/Frameworks/ServiceManagement.framework; sourceTree = SDKROOT; };
		3BF8E3BC1BA5DBF60070CAB0 /* AppWatchLoginItem.xcodeproj */ = {isa = PBXFileReference; lastKnownFileType = "wrapper.pb-project"; name = AppWatchLoginItem.xcodeproj; path = AppWatchLoginItem/AppWatchLoginItem.xcodeproj; sourceTree = "<group>"; };
		3BF8E3EE1BA5E1830070CAB0 /* AppWatchLogic.framework */ = {isa = PBXFileReference; lastKnownFileType = wrapper.framework; name = AppWatchLogic.framework; path = "../../Library/Developer/Xcode/DerivedData/AppWatch-ajhuwfejdxqxgcbnywmfljxrvcuq/Build/Products/Debug/AppWatchLogic.framework"; sourceTree = "<group>"; };
/* End PBXFileReference section */

/* Begin PBXFrameworksBuildPhase section */
		3B5A0C231BAB400500E463CC /* Frameworks */ = {
			isa = PBXFrameworksBuildPhase;
			buildActionMask = 2147483647;
			files = (
			);
			runOnlyForDeploymentPostprocessing = 0;
		};
		3B5A0C321BAB405300E463CC /* Frameworks */ = {
			isa = PBXFrameworksBuildPhase;
			buildActionMask = 2147483647;
			files = (
			);
			runOnlyForDeploymentPostprocessing = 0;
		};
		3BBA1D131B7F62BF0093637A /* Frameworks */ = {
			isa = PBXFrameworksBuildPhase;
			buildActionMask = 2147483647;
			files = (
				3BF2D74E1B82638C00D4220A /* ServiceManagement.framework in Frameworks */,
			);
			runOnlyForDeploymentPostprocessing = 0;
		};
/* End PBXFrameworksBuildPhase section */

/* Begin PBXGroup section */
		3B5A0C271BAB400500E463CC /* AppWatchUITests */ = {
			isa = PBXGroup;
			children = (
				3B5A0C281BAB400500E463CC /* AppWatchUITests.swift */,
				3B5A0C2A1BAB400500E463CC /* Info.plist */,
			);
			path = AppWatchUITests;
			sourceTree = "<group>";
		};
		3B5A0C361BAB405300E463CC /* AppWatchTests */ = {
			isa = PBXGroup;
			children = (
				3B5A0C371BAB405300E463CC /* AppWatchTests.swift */,
				3B5A0C121BAB3DD400E463CC /* MainUserInterfaceTest.swift */,
				3B5A0C391BAB405300E463CC /* Info.plist */,
			);
			path = AppWatchTests;
			sourceTree = "<group>";
		};
		3BBA1D0D1B7F62BF0093637A = {
			isa = PBXGroup;
			children = (
				3BF8E3BC1BA5DBF60070CAB0 /* AppWatchLoginItem.xcodeproj */,
				3BBA1D181B7F62BF0093637A /* AppWatch */,
				3B5A0C271BAB400500E463CC /* AppWatchUITests */,
				3B5A0C361BAB405300E463CC /* AppWatchTests */,
				3BBA1D171B7F62BF0093637A /* Products */,
				3BF8E3EE1BA5E1830070CAB0 /* AppWatchLogic.framework */,
				3BF2D74D1B82638C00D4220A /* ServiceManagement.framework */,
			);
			sourceTree = "<group>";
		};
		3BBA1D171B7F62BF0093637A /* Products */ = {
			isa = PBXGroup;
			children = (
				3BBA1D161B7F62BF0093637A /* AppWatch.app */,
				3B5A0C261BAB400500E463CC /* AppWatchUITests.xctest */,
				3B5A0C351BAB405300E463CC /* AppWatchTests.xctest */,
			);
			name = Products;
			sourceTree = "<group>";
		};
		3BBA1D181B7F62BF0093637A /* AppWatch */ = {
			isa = PBXGroup;
			children = (
				3BF1FCE11B7FE9800034543C /* AppWatch.entitlements */,
				3B1B6D5D1BAB47D300A7B1DF /* AppDelegate.swift */,
				3B1B6D5F1BAB494E00A7B1DF /* AppWatch-Bridging-Header.h */,
				3BF4FBFD1B8CF2D500E75118 /* View Controllers */,
				3BF2D78A1B83A49200D4220A /* System Log */,
			);
			name = AppWatch;
			path = MailWatch;
			sourceTree = "<group>";
		};
		3BF2D78A1B83A49200D4220A /* System Log */ = {
			isa = PBXGroup;
			children = (
				3BBFC1AB1BAB466400E832E2 /* SystemLog.swift */,
			);
			name = "System Log";
			sourceTree = "<group>";
		};
		3BF4FBFD1B8CF2D500E75118 /* View Controllers */ = {
			isa = PBXGroup;
			children = (
				3BBFC1A31BAB465000E832E2 /* StatisticsViewController.swift */,
				3BBFC1A41BAB465000E832E2 /* TimeTableViewController.swift */,
				3BBFC1A51BAB465000E832E2 /* ViewController.swift */,
				3BBFC1A91BAB465B00E832E2 /* Assets.xcassets */,
				3BBFC1AD1BAB467900E832E2 /* AppWatch-Bridging-Header.h */,
				3BBFC1AE1BAB467900E832E2 /* Info.plist */,
				3BBFC1AF1BAB467900E832E2 /* MainStoryboard.storyboard */,
			);
			name = "View Controllers";
			sourceTree = "<group>";
		};
		3BF8E3BD1BA5DBF60070CAB0 /* Products */ = {
			isa = PBXGroup;
			children = (
				3BF8E3C21BA5DBF60070CAB0 /* AppWatchLoginItem.app */,
				3BF8E3C41BA5DBF60070CAB0 /* AppWatchLoginItemTests.xctest */,
			);
			name = Products;
			sourceTree = "<group>";
		};
/* End PBXGroup section */

/* Begin PBXNativeTarget section */
		3B5A0C251BAB400500E463CC /* AppWatchUITests */ = {
			isa = PBXNativeTarget;
			buildConfigurationList = 3B5A0C2D1BAB400500E463CC /* Build configuration list for PBXNativeTarget "AppWatchUITests" */;
			buildPhases = (
				3B5A0C221BAB400500E463CC /* Sources */,
				3B5A0C231BAB400500E463CC /* Frameworks */,
				3B5A0C241BAB400500E463CC /* Resources */,
			);
			buildRules = (
			);
			dependencies = (
				3B5A0C2C1BAB400500E463CC /* PBXTargetDependency */,
			);
			name = AppWatchUITests;
			productName = AppWatchUITests;
			productReference = 3B5A0C261BAB400500E463CC /* AppWatchUITests.xctest */;
			productType = "com.apple.product-type.bundle.ui-testing";
		};
		3B5A0C341BAB405300E463CC /* AppWatchTests */ = {
			isa = PBXNativeTarget;
			buildConfigurationList = 3B5A0C3C1BAB405300E463CC /* Build configuration list for PBXNativeTarget "AppWatchTests" */;
			buildPhases = (
				3B5A0C311BAB405300E463CC /* Sources */,
				3B5A0C321BAB405300E463CC /* Frameworks */,
				3B5A0C331BAB405300E463CC /* Resources */,
			);
			buildRules = (
			);
			dependencies = (
				3B5A0C3B1BAB405300E463CC /* PBXTargetDependency */,
			);
			name = AppWatchTests;
			productName = AppWatchTests;
			productReference = 3B5A0C351BAB405300E463CC /* AppWatchTests.xctest */;
			productType = "com.apple.product-type.bundle.unit-test";
		};
		3BBA1D151B7F62BF0093637A /* AppWatch */ = {
			isa = PBXNativeTarget;
			buildConfigurationList = 3BBA1D2E1B7F62BF0093637A /* Build configuration list for PBXNativeTarget "AppWatch" */;
			buildPhases = (
				3BBA1D121B7F62BF0093637A /* Sources */,
				3BBA1D131B7F62BF0093637A /* Frameworks */,
				3BBA1D141B7F62BF0093637A /* Resources */,
				3BF2D7861B826D1800D4220A /* Copy Login Item */,
				3BC938D01BA8951B006EB664 /* Copy Frameworks */,
			);
			buildRules = (
			);
			dependencies = (
				3BF4795B1BA890A10030A377 /* PBXTargetDependency */,
			);
			name = AppWatch;
			productName = MailWatch;
			productReference = 3BBA1D161B7F62BF0093637A /* AppWatch.app */;
			productType = "com.apple.product-type.application";
		};
/* End PBXNativeTarget section */

/* Begin PBXProject section */
		3BBA1D0E1B7F62BF0093637A /* Project object */ = {
			isa = PBXProject;
			attributes = {
				LastSwiftUpdateCheck = 0700;
				LastUpgradeCheck = 0700;
				ORGANIZATIONNAME = "Martin Kim Dung-Pham";
				TargetAttributes = {
					3B5A0C251BAB400500E463CC = {
						CreatedOnToolsVersion = 7.0;
						TestTargetID = 3BBA1D151B7F62BF0093637A;
					};
					3B5A0C341BAB405300E463CC = {
						CreatedOnToolsVersion = 7.0;
						TestTargetID = 3BBA1D151B7F62BF0093637A;
					};
					3BBA1D151B7F62BF0093637A = {
						CreatedOnToolsVersion = 7.0;
						DevelopmentTeam = X29V4JPQ55;
						SystemCapabilities = {
							com.apple.ApplicationGroups.Mac = {
								enabled = 0;
							};
							com.apple.Sandbox = {
								enabled = 0;
							};
							com.apple.iCloud = {
								enabled = 1;
							};
						};
					};
				};
			};
			buildConfigurationList = 3BBA1D111B7F62BF0093637A /* Build configuration list for PBXProject "AppWatch" */;
			compatibilityVersion = "Xcode 3.2";
			developmentRegion = English;
			hasScannedForEncodings = 0;
			knownRegions = (
				en,
				Base,
			);
			mainGroup = 3BBA1D0D1B7F62BF0093637A;
			productRefGroup = 3BBA1D171B7F62BF0093637A /* Products */;
			projectDirPath = "";
			projectReferences = (
				{
					ProductGroup = 3BF8E3BD1BA5DBF60070CAB0 /* Products */;
					ProjectRef = 3BF8E3BC1BA5DBF60070CAB0 /* AppWatchLoginItem.xcodeproj */;
				},
			);
			projectRoot = "";
			targets = (
				3BBA1D151B7F62BF0093637A /* AppWatch */,
				3B5A0C341BAB405300E463CC /* AppWatchTests */,
				3B5A0C251BAB400500E463CC /* AppWatchUITests */,
			);
		};
/* End PBXProject section */

/* Begin PBXReferenceProxy section */
		3BF8E3C21BA5DBF60070CAB0 /* AppWatchLoginItem.app */ = {
			isa = PBXReferenceProxy;
			fileType = wrapper.application;
			path = AppWatchLoginItem.app;
			remoteRef = 3BF8E3C11BA5DBF60070CAB0 /* PBXContainerItemProxy */;
			sourceTree = BUILT_PRODUCTS_DIR;
		};
		3BF8E3C41BA5DBF60070CAB0 /* AppWatchLoginItemTests.xctest */ = {
			isa = PBXReferenceProxy;
			fileType = wrapper.cfbundle;
			path = AppWatchLoginItemTests.xctest;
			remoteRef = 3BF8E3C31BA5DBF60070CAB0 /* PBXContainerItemProxy */;
			sourceTree = BUILT_PRODUCTS_DIR;
		};
/* End PBXReferenceProxy section */

/* Begin PBXResourcesBuildPhase section */
		3B5A0C241BAB400500E463CC /* Resources */ = {
			isa = PBXResourcesBuildPhase;
			buildActionMask = 2147483647;
			files = (
			);
			runOnlyForDeploymentPostprocessing = 0;
		};
		3B5A0C331BAB405300E463CC /* Resources */ = {
			isa = PBXResourcesBuildPhase;
			buildActionMask = 2147483647;
			files = (
			);
			runOnlyForDeploymentPostprocessing = 0;
		};
		3BBA1D141B7F62BF0093637A /* Resources */ = {
			isa = PBXResourcesBuildPhase;
			buildActionMask = 2147483647;
			files = (
				3BBFC1B11BAB467900E832E2 /* MainStoryboard.storyboard in Resources */,
				3BBFC1B01BAB467900E832E2 /* Info.plist in Resources */,
				3BBFC1AA1BAB465B00E832E2 /* Assets.xcassets in Resources */,
			);
			runOnlyForDeploymentPostprocessing = 0;
		};
/* End PBXResourcesBuildPhase section */

/* Begin PBXSourcesBuildPhase section */
		3B5A0C221BAB400500E463CC /* Sources */ = {
			isa = PBXSourcesBuildPhase;
			buildActionMask = 2147483647;
			files = (
				3B5A0C291BAB400500E463CC /* AppWatchUITests.swift in Sources */,
			);
			runOnlyForDeploymentPostprocessing = 0;
		};
		3B5A0C311BAB405300E463CC /* Sources */ = {
			isa = PBXSourcesBuildPhase;
			buildActionMask = 2147483647;
			files = (
				3B5A0C381BAB405300E463CC /* AppWatchTests.swift in Sources */,
			);
			runOnlyForDeploymentPostprocessing = 0;
		};
		3BBA1D121B7F62BF0093637A /* Sources */ = {
			isa = PBXSourcesBuildPhase;
			buildActionMask = 2147483647;
			files = (
				3BBFC1A71BAB465000E832E2 /* TimeTableViewController.swift in Sources */,
				3BBFC1AC1BAB466400E832E2 /* SystemLog.swift in Sources */,
				3BBFC1A61BAB465000E832E2 /* StatisticsViewController.swift in Sources */,
				3B1B6D5E1BAB47D300A7B1DF /* AppDelegate.swift in Sources */,
				3BBFC1A81BAB465000E832E2 /* ViewController.swift in Sources */,
			);
			runOnlyForDeploymentPostprocessing = 0;
		};
/* End PBXSourcesBuildPhase section */

/* Begin PBXTargetDependency section */
		3B5A0C2C1BAB400500E463CC /* PBXTargetDependency */ = {
			isa = PBXTargetDependency;
			target = 3BBA1D151B7F62BF0093637A /* AppWatch */;
			targetProxy = 3B5A0C2B1BAB400500E463CC /* PBXContainerItemProxy */;
		};
		3B5A0C3B1BAB405300E463CC /* PBXTargetDependency */ = {
			isa = PBXTargetDependency;
			target = 3BBA1D151B7F62BF0093637A /* AppWatch */;
			targetProxy = 3B5A0C3A1BAB405300E463CC /* PBXContainerItemProxy */;
		};
		3BF4795B1BA890A10030A377 /* PBXTargetDependency */ = {
			isa = PBXTargetDependency;
			name = AppWatchLoginItem;
			targetProxy = 3BF4795A1BA890A10030A377 /* PBXContainerItemProxy */;
		};
/* End PBXTargetDependency section */

/* Begin XCBuildConfiguration section */
		3B5A0C2E1BAB400500E463CC /* Debug */ = {
			isa = XCBuildConfiguration;
			buildSettings = {
				COMBINE_HIDPI_IMAGES = YES;
				INFOPLIST_FILE = AppWatchUITests/Info.plist;
				LD_RUNPATH_SEARCH_PATHS = "$(inherited) @executable_path/../Frameworks @loader_path/../Frameworks";
				PRODUCT_BUNDLE_IDENTIFIER = com.elbedev.AppWatchUITests;
				PRODUCT_NAME = "$(TARGET_NAME)";
				TEST_TARGET_NAME = AppWatch;
				USES_XCTRUNNER = YES;
			};
			name = Debug;
		};
		3B5A0C2F1BAB400500E463CC /* Release */ = {
			isa = XCBuildConfiguration;
			buildSettings = {
				COMBINE_HIDPI_IMAGES = YES;
				INFOPLIST_FILE = AppWatchUITests/Info.plist;
				LD_RUNPATH_SEARCH_PATHS = "$(inherited) @executable_path/../Frameworks @loader_path/../Frameworks";
				PRODUCT_BUNDLE_IDENTIFIER = com.elbedev.AppWatchUITests;
				PRODUCT_NAME = "$(TARGET_NAME)";
				TEST_TARGET_NAME = AppWatch;
				USES_XCTRUNNER = YES;
			};
			name = Release;
		};
		3B5A0C3D1BAB405300E463CC /* Debug */ = {
			isa = XCBuildConfiguration;
			buildSettings = {
				BUNDLE_LOADER = "$(TEST_HOST)";
				COMBINE_HIDPI_IMAGES = YES;
				INFOPLIST_FILE = AppWatchTests/Info.plist;
				LD_RUNPATH_SEARCH_PATHS = "$(inherited) @executable_path/../Frameworks @loader_path/../Frameworks";
				PRODUCT_BUNDLE_IDENTIFIER = com.elbedev.AppWatchTests;
				PRODUCT_NAME = "$(TARGET_NAME)";
				TEST_HOST = "$(BUILT_PRODUCTS_DIR)/AppWatch.app/Contents/MacOS/AppWatch";
			};
			name = Debug;
		};
		3B5A0C3E1BAB405300E463CC /* Release */ = {
			isa = XCBuildConfiguration;
			buildSettings = {
				BUNDLE_LOADER = "$(TEST_HOST)";
				COMBINE_HIDPI_IMAGES = YES;
				INFOPLIST_FILE = AppWatchTests/Info.plist;
				LD_RUNPATH_SEARCH_PATHS = "$(inherited) @executable_path/../Frameworks @loader_path/../Frameworks";
				PRODUCT_BUNDLE_IDENTIFIER = com.elbedev.AppWatchTests;
				PRODUCT_NAME = "$(TARGET_NAME)";
				TEST_HOST = "$(BUILT_PRODUCTS_DIR)/AppWatch.app/Contents/MacOS/AppWatch";
			};
			name = Release;
		};
		3BBA1D2C1B7F62BF0093637A /* Debug */ = {
			isa = XCBuildConfiguration;
			buildSettings = {
				ALWAYS_SEARCH_USER_PATHS = NO;
				CLANG_CXX_LANGUAGE_STANDARD = "gnu++0x";
				CLANG_CXX_LIBRARY = "libc++";
				CLANG_ENABLE_MODULES = YES;
				CLANG_ENABLE_OBJC_ARC = YES;
				CLANG_WARN_BOOL_CONVERSION = YES;
				CLANG_WARN_CONSTANT_CONVERSION = YES;
				CLANG_WARN_DIRECT_OBJC_ISA_USAGE = YES_ERROR;
				CLANG_WARN_EMPTY_BODY = YES;
				CLANG_WARN_ENUM_CONVERSION = YES;
				CLANG_WARN_INT_CONVERSION = YES;
				CLANG_WARN_OBJC_ROOT_CLASS = YES_ERROR;
				CLANG_WARN_UNREACHABLE_CODE = YES;
				CLANG_WARN__DUPLICATE_METHOD_MATCH = YES;
				CODE_SIGN_IDENTITY = "-";
				COPY_PHASE_STRIP = NO;
				DEBUG_INFORMATION_FORMAT = dwarf;
				ENABLE_STRICT_OBJC_MSGSEND = YES;
				ENABLE_TESTABILITY = YES;
				GCC_C_LANGUAGE_STANDARD = gnu99;
				GCC_DYNAMIC_NO_PIC = NO;
				GCC_NO_COMMON_BLOCKS = YES;
				GCC_OPTIMIZATION_LEVEL = 0;
				GCC_PREPROCESSOR_DEFINITIONS = (
					"DEBUG=1",
					"$(inherited)",
				);
				GCC_WARN_64_TO_32_BIT_CONVERSION = YES;
				GCC_WARN_ABOUT_RETURN_TYPE = YES_ERROR;
				GCC_WARN_UNDECLARED_SELECTOR = YES;
				GCC_WARN_UNINITIALIZED_AUTOS = YES_AGGRESSIVE;
				GCC_WARN_UNUSED_FUNCTION = YES;
				GCC_WARN_UNUSED_VARIABLE = YES;
				MACOSX_DEPLOYMENT_TARGET = 10.10;
				MTL_ENABLE_DEBUG_INFO = YES;
				ONLY_ACTIVE_ARCH = YES;
				SDKROOT = macosx;
				SWIFT_OPTIMIZATION_LEVEL = "-Onone";
			};
			name = Debug;
		};
		3BBA1D2D1B7F62BF0093637A /* Release */ = {
			isa = XCBuildConfiguration;
			buildSettings = {
				ALWAYS_SEARCH_USER_PATHS = NO;
				CLANG_CXX_LANGUAGE_STANDARD = "gnu++0x";
				CLANG_CXX_LIBRARY = "libc++";
				CLANG_ENABLE_MODULES = YES;
				CLANG_ENABLE_OBJC_ARC = YES;
				CLANG_WARN_BOOL_CONVERSION = YES;
				CLANG_WARN_CONSTANT_CONVERSION = YES;
				CLANG_WARN_DIRECT_OBJC_ISA_USAGE = YES_ERROR;
				CLANG_WARN_EMPTY_BODY = YES;
				CLANG_WARN_ENUM_CONVERSION = YES;
				CLANG_WARN_INT_CONVERSION = YES;
				CLANG_WARN_OBJC_ROOT_CLASS = YES_ERROR;
				CLANG_WARN_UNREACHABLE_CODE = YES;
				CLANG_WARN__DUPLICATE_METHOD_MATCH = YES;
				CODE_SIGN_IDENTITY = "-";
				COPY_PHASE_STRIP = NO;
				DEBUG_INFORMATION_FORMAT = "dwarf-with-dsym";
				ENABLE_NS_ASSERTIONS = NO;
				ENABLE_STRICT_OBJC_MSGSEND = YES;
				GCC_C_LANGUAGE_STANDARD = gnu99;
				GCC_NO_COMMON_BLOCKS = YES;
				GCC_WARN_64_TO_32_BIT_CONVERSION = YES;
				GCC_WARN_ABOUT_RETURN_TYPE = YES_ERROR;
				GCC_WARN_UNDECLARED_SELECTOR = YES;
				GCC_WARN_UNINITIALIZED_AUTOS = YES_AGGRESSIVE;
				GCC_WARN_UNUSED_FUNCTION = YES;
				GCC_WARN_UNUSED_VARIABLE = YES;
				MACOSX_DEPLOYMENT_TARGET = 10.10;
				MTL_ENABLE_DEBUG_INFO = NO;
				SDKROOT = macosx;
			};
			name = Release;
		};
		3BBA1D2F1B7F62BF0093637A /* Debug */ = {
			isa = XCBuildConfiguration;
			buildSettings = {
				ASSETCATALOG_COMPILER_APPICON_NAME = AppIcon;
				CLANG_ENABLE_MODULES = YES;
				CODE_SIGN_ENTITLEMENTS = AppWatch/AppWatch.entitlements;
				CODE_SIGN_IDENTITY = "Mac Developer";
				"CODE_SIGN_IDENTITY[sdk=macosx*]" = "Mac Developer";
				COMBINE_HIDPI_IMAGES = YES;
				FRAMEWORK_SEARCH_PATHS = (
					"$(inherited)",
					"$(PROJECT_DIR)/AppWatchLogic/build/Debug",
				);
				INFOPLIST_FILE = AppWatch/Info.plist;
				LD_RUNPATH_SEARCH_PATHS = "$(inherited) @executable_path/../Frameworks";
				PRODUCT_BUNDLE_IDENTIFIER = com.elbedev.AppWatch;
				PRODUCT_NAME = AppWatch;
				PROVISIONING_PROFILE = "";
				SWIFT_OBJC_BRIDGING_HEADER = "AppWatch/AppWatch-Bridging-Header.h";
				SWIFT_OPTIMIZATION_LEVEL = "-Onone";
			};
			name = Debug;
		};
		3BBA1D301B7F62BF0093637A /* Release */ = {
			isa = XCBuildConfiguration;
			buildSettings = {
				ASSETCATALOG_COMPILER_APPICON_NAME = AppIcon;
				CLANG_ENABLE_MODULES = YES;
				CODE_SIGN_ENTITLEMENTS = AppWatch/AppWatch.entitlements;
				CODE_SIGN_IDENTITY = "Mac Developer";
				"CODE_SIGN_IDENTITY[sdk=macosx*]" = "Mac Developer";
				COMBINE_HIDPI_IMAGES = YES;
				FRAMEWORK_SEARCH_PATHS = (
					"$(inherited)",
					"$(PROJECT_DIR)/AppWatchLogic/build/Debug",
				);
				INFOPLIST_FILE = AppWatch/Info.plist;
				LD_RUNPATH_SEARCH_PATHS = "$(inherited) @executable_path/../Frameworks";
				PRODUCT_BUNDLE_IDENTIFIER = com.elbedev.AppWatch;
				PRODUCT_NAME = AppWatch;
				PROVISIONING_PROFILE = "";
				SWIFT_OBJC_BRIDGING_HEADER = "AppWatch/AppWatch-Bridging-Header.h";
			};
			name = Release;
		};
/* End XCBuildConfiguration section */

/* Begin XCConfigurationList section */
		3B5A0C2D1BAB400500E463CC /* Build configuration list for PBXNativeTarget "AppWatchUITests" */ = {
			isa = XCConfigurationList;
			buildConfigurations = (
				3B5A0C2E1BAB400500E463CC /* Debug */,
				3B5A0C2F1BAB400500E463CC /* Release */,
			);
			defaultConfigurationIsVisible = 0;
			defaultConfigurationName = Release;
		};
		3B5A0C3C1BAB405300E463CC /* Build configuration list for PBXNativeTarget "AppWatchTests" */ = {
			isa = XCConfigurationList;
			buildConfigurations = (
				3B5A0C3D1BAB405300E463CC /* Debug */,
				3B5A0C3E1BAB405300E463CC /* Release */,
			);
			defaultConfigurationIsVisible = 0;
			defaultConfigurationName = Release;
		};
		3BBA1D111B7F62BF0093637A /* Build configuration list for PBXProject "AppWatch" */ = {
			isa = XCConfigurationList;
			buildConfigurations = (
				3BBA1D2C1B7F62BF0093637A /* Debug */,
				3BBA1D2D1B7F62BF0093637A /* Release */,
			);
			defaultConfigurationIsVisible = 0;
			defaultConfigurationName = Release;
		};
		3BBA1D2E1B7F62BF0093637A /* Build configuration list for PBXNativeTarget "AppWatch" */ = {
			isa = XCConfigurationList;
			buildConfigurations = (
				3BBA1D2F1B7F62BF0093637A /* Debug */,
				3BBA1D301B7F62BF0093637A /* Release */,
			);
			defaultConfigurationIsVisible = 0;
			defaultConfigurationName = Release;
		};
/* End XCConfigurationList section */
	};
	rootObject = 3BBA1D0E1B7F62BF0093637A /* Project object */;
}
